
Microsoft Visual Studio Solution File, Format Version 12.00
# Visual Studio Version 16
VisualStudioVersion = 16.0.30011.22
MinimumVisualStudioVersion = 10.0.40219.1
Project("{FAE04EC0-301F-11D3-BF4B-00C04F79EFBC}") = "Battleship2", "Battleship2.csproj", "{20957641-EB07-4B8B-89AA-2CE05C6C7A01}"
EndProject
Global
	GlobalSection(SolutionConfigurationPlatforms) = preSolution
		Debug|Any CPU = Debug|Any CPU
		Release|Any CPU = Release|Any CPU
	EndGlobalSection
	GlobalSection(ProjectConfigurationPlatforms) = postSolution
		{20957641-EB07-4B8B-89AA-2CE05C6C7A01}.Debug|Any CPU.ActiveCfg = Debug|Any CPU
		{20957641-EB07-4B8B-89AA-2CE05C6C7A01}.Debug|Any CPU.Build.0 = Debug|Any CPU
		{20957641-EB07-4B8B-89AA-2CE05C6C7A01}.Release|Any CPU.ActiveCfg = Release|Any CPU
		{20957641-EB07-4B8B-89AA-2CE05C6C7A01}.Release|Any CPU.Build.0 = Release|Any CPU
	EndGlobalSection
	GlobalSection(SolutionProperties) = preSolution
		HideSolutionNode = FALSE
	EndGlobalSection
	GlobalSection(ExtensibilityGlobals) = postSolution
		SolutionGuid = {96D7E878-8D16-4DCF-959E-8982A4067555}
	EndGlobalSection
EndGlobal
